
Microsoft Visual Studio Solution File, Format Version 12.00
# Visual Studio 14
VisualStudioVersion = 14.0.25420.1
MinimumVisualStudioVersion = 10.0.40219.1
Project("{8BC9CEB8-8B4A-11D0-8D11-00A0C91BC942}") = "09.pkcs7_padding", "..\09\09.pkcs7_padding\09.pkcs7_padding.vcxproj", "{695823B5-684B-4B1F-8A02-BEE97670E402}"
EndProject
Project("{2150E333-8FDC-42A3-9474-1A3956D46DE8}") = "Set 2", "Set 2", "{999FC65D-E6AD-4DAB-A831-726F84D59721}"
EndProject
Project("{2150E333-8FDC-42A3-9474-1A3956D46DE8}") = "Set 1", "Set 1", "{16A599DE-A6BD-4A29-B982-689B6BB9BFD6}"
EndProject
Project("{8BC9CEB8-8B4A-11D0-8D11-00A0C91BC942}") = "08.DetectAesinECBMode", "..\08\08.DetectAesinECBMode\08.DetectAesinECBMode.vcxproj", "{2C635D1A-C944-43F1-8CAB-6F0391CDB3CA}"
EndProject
Project("{8BC9CEB8-8B4A-11D0-8D11-00A0C91BC942}") = "07.AesinECBMode", "..\07\07.AesinECBMode\07.AesinECBMode.vcxproj", "{AB6B18BD-2602-41CB-A598-C159EBBC8350}"
EndProject
Project("{8BC9CEB8-8B4A-11D0-8D11-00A0C91BC942}") = "06.BreakRP_Xor", "..\06\06.BreakRP_Xor\06.BreakRP_Xor.vcxproj", "{0229237D-CF70-4476-AAB3-82C74B66A5D8}"
EndProject
Project("{8BC9CEB8-8B4A-11D0-8D11-00A0C91BC942}") = "05.RepeatingKey_XOR", "..\05\05.RepeatingKey_XOR\05.RepeatingKey_XOR.vcxproj", "{448BD925-F98B-409D-8481-C89240A0AA4A}"
EndProject
Project("{8BC9CEB8-8B4A-11D0-8D11-00A0C91BC942}") = "04.DetectSingleCharacterXOR", "..\04\04.DetectSingleCharacterXOR\04.DetectSingleCharacterXOR.vcxproj", "{5C683622-A581-4632-AB72-CCEB09B5CC11}"
EndProject
Project("{8BC9CEB8-8B4A-11D0-8D11-00A0C91BC942}") = "03.SingleByteXORCipher", "..\03\03.SingleByteXORCipher\03.SingleByteXORCipher.vcxproj", "{354E508F-1DD2-41AE-967B-FD1A4D2A3BC4}"
EndProject
Project("{8BC9CEB8-8B4A-11D0-8D11-00A0C91BC942}") = "02.FixedXOR", "..\02\02.FixedXOR\02.FixedXOR.vcxproj", "{7218D187-0AB3-49F2-88E8-09579825535E}"
EndProject
Project("{8BC9CEB8-8B4A-11D0-8D11-00A0C91BC942}") = "01.ConvertHexToBase64", "..\01\01.ConvertHexToBase64\01.ConvertHexToBase64.vcxproj", "{66595E62-D6C9-46E0-A285-134E03CB78B4}"
EndProject
Project("{8BC9CEB8-8B4A-11D0-8D11-00A0C91BC942}") = "10.cbc_mode", "..\10\10.cbc_mode\10.cbc_mode.vcxproj", "{36C382BF-1EE8-4391-99FF-FAC8AEB58685}"
EndProject
Project("{8BC9CEB8-8B4A-11D0-8D11-00A0C91BC942}") = "11.detection_oracle", "..\11\11.detection_oracle\11.detection_oracle.vcxproj", "{7B1C602C-2D1C-4412-BBDD-C6E310621FA5}"
EndProject
Project("{8BC9CEB8-8B4A-11D0-8D11-00A0C91BC942}") = "12.byte_at_a_time_ecb", "..\12\12.byte_at_a_time_ecb\12.byte_at_a_time_ecb.vcxproj", "{1ACF2B05-49EC-4EE6-B318-09F5E7F413BC}"
EndProject
Project("{8BC9CEB8-8B4A-11D0-8D11-00A0C91BC942}") = "14.byte_at_a_time_harder", "..\14\14.byte_at_a_time_harder\14.byte_at_a_time_harder.vcxproj", "{51E1FB55-8CEC-4E7A-B5C8-1238988C6EB3}"
EndProject
Project("{8BC9CEB8-8B4A-11D0-8D11-00A0C91BC942}") = "15.pkcs7_padding_validation", "..\15\15.pkcs7_padding_validation\15.pkcs7_padding_validation.vcxproj", "{171B4F6B-3968-4C87-850C-C2C0987B4765}"
EndProject
Project("{8BC9CEB8-8B4A-11D0-8D11-00A0C91BC942}") = "16.cbc_bitflipping", "..\16\16.cbc_bitflipping\16.cbc_bitflipping.vcxproj", "{30A9CB2D-5F7B-407A-9DB5-9A2170E25A99}"
EndProject
Project("{8BC9CEB8-8B4A-11D0-8D11-00A0C91BC942}") = "13.ecb_cut_and_paste", "..\13\13.ecb_cut_and_paste\13.ecb_cut_and_paste.vcxproj", "{F8A50396-ED4A-4978-9049-D1A39129D2FD}"
EndProject
Project("{2150E333-8FDC-42A3-9474-1A3956D46DE8}") = "Set 3", "Set 3", "{A50A6337-81B9-451E-88EE-4BE9371FECD6}"
EndProject
Project("{8BC9CEB8-8B4A-11D0-8D11-00A0C91BC942}") = "17.cbc_padding_oracle", "..\17\17.cbc_padding_oracle\17.cbc_padding_oracle.vcxproj", "{E0C124BD-12E5-4D2E-A812-6C9AC2F7FE41}"
EndProject
Project("{8BC9CEB8-8B4A-11D0-8D11-00A0C91BC942}") = "18.ctr_mode", "..\18\18.ctr_mode\18.ctr_mode.vcxproj", "{B5426E1F-2209-49E7-9E81-7A879961DA20}"
EndProject
Project("{8BC9CEB8-8B4A-11D0-8D11-00A0C91BC942}") = "19.break_fixed_nonce_ctr", "..\19\19.break_fixed_nonce_ctr\19.break_fixed_nonce_ctr.vcxproj", "{7D382D57-716A-481A-BE19-89730D9C2427}"
EndProject
Project("{8BC9CEB8-8B4A-11D0-8D11-00A0C91BC942}") = "20.break_fixed_nonce_ctr_statistically", "..\20\20.break_fixed_nonce_ctr_statistically\20.break_fixed_nonce_ctr_statistically.vcxproj", "{7CCFADD0-E256-47A3-84DF-65D89A7C48F7}"
EndProject
Project("{8BC9CEB8-8B4A-11D0-8D11-00A0C91BC942}") = "21.mt119937_prng", "..\21\21.mt119937_prng\21.mt119937_prng.vcxproj", "{8F65FEFE-A3D6-46E8-8A19-FD5510BCF1BB}"
EndProject
Global
	GlobalSection(SolutionConfigurationPlatforms) = preSolution
		Debug|x64 = Debug|x64
		Debug|x86 = Debug|x86
		Release|x64 = Release|x64
		Release|x86 = Release|x86
	EndGlobalSection
	GlobalSection(ProjectConfigurationPlatforms) = postSolution
		{695823B5-684B-4B1F-8A02-BEE97670E402}.Debug|x64.ActiveCfg = Debug|x64
		{695823B5-684B-4B1F-8A02-BEE97670E402}.Debug|x64.Build.0 = Debug|x64
		{695823B5-684B-4B1F-8A02-BEE97670E402}.Debug|x86.ActiveCfg = Debug|Win32
		{695823B5-684B-4B1F-8A02-BEE97670E402}.Debug|x86.Build.0 = Debug|Win32
		{695823B5-684B-4B1F-8A02-BEE97670E402}.Release|x64.ActiveCfg = Release|x64
		{695823B5-684B-4B1F-8A02-BEE97670E402}.Release|x64.Build.0 = Release|x64
		{695823B5-684B-4B1F-8A02-BEE97670E402}.Release|x86.ActiveCfg = Release|Win32
		{695823B5-684B-4B1F-8A02-BEE97670E402}.Release|x86.Build.0 = Release|Win32
		{2C635D1A-C944-43F1-8CAB-6F0391CDB3CA}.Debug|x64.ActiveCfg = Debug|x64
		{2C635D1A-C944-43F1-8CAB-6F0391CDB3CA}.Debug|x64.Build.0 = Debug|x64
		{2C635D1A-C944-43F1-8CAB-6F0391CDB3CA}.Debug|x86.ActiveCfg = Debug|Win32
		{2C635D1A-C944-43F1-8CAB-6F0391CDB3CA}.Debug|x86.Build.0 = Debug|Win32
		{2C635D1A-C944-43F1-8CAB-6F0391CDB3CA}.Release|x64.ActiveCfg = Release|x64
		{2C635D1A-C944-43F1-8CAB-6F0391CDB3CA}.Release|x64.Build.0 = Release|x64
		{2C635D1A-C944-43F1-8CAB-6F0391CDB3CA}.Release|x86.ActiveCfg = Release|Win32
		{2C635D1A-C944-43F1-8CAB-6F0391CDB3CA}.Release|x86.Build.0 = Release|Win32
		{AB6B18BD-2602-41CB-A598-C159EBBC8350}.Debug|x64.ActiveCfg = Debug|x64
		{AB6B18BD-2602-41CB-A598-C159EBBC8350}.Debug|x64.Build.0 = Debug|x64
		{AB6B18BD-2602-41CB-A598-C159EBBC8350}.Debug|x86.ActiveCfg = Debug|Win32
		{AB6B18BD-2602-41CB-A598-C159EBBC8350}.Debug|x86.Build.0 = Debug|Win32
		{AB6B18BD-2602-41CB-A598-C159EBBC8350}.Release|x64.ActiveCfg = Release|x64
		{AB6B18BD-2602-41CB-A598-C159EBBC8350}.Release|x64.Build.0 = Release|x64
		{AB6B18BD-2602-41CB-A598-C159EBBC8350}.Release|x86.ActiveCfg = Release|Win32
		{AB6B18BD-2602-41CB-A598-C159EBBC8350}.Release|x86.Build.0 = Release|Win32
		{0229237D-CF70-4476-AAB3-82C74B66A5D8}.Debug|x64.ActiveCfg = Debug|x64
		{0229237D-CF70-4476-AAB3-82C74B66A5D8}.Debug|x64.Build.0 = Debug|x64
		{0229237D-CF70-4476-AAB3-82C74B66A5D8}.Debug|x86.ActiveCfg = Debug|Win32
		{0229237D-CF70-4476-AAB3-82C74B66A5D8}.Debug|x86.Build.0 = Debug|Win32
		{0229237D-CF70-4476-AAB3-82C74B66A5D8}.Release|x64.ActiveCfg = Release|x64
		{0229237D-CF70-4476-AAB3-82C74B66A5D8}.Release|x64.Build.0 = Release|x64
		{0229237D-CF70-4476-AAB3-82C74B66A5D8}.Release|x86.ActiveCfg = Release|Win32
		{0229237D-CF70-4476-AAB3-82C74B66A5D8}.Release|x86.Build.0 = Release|Win32
		{448BD925-F98B-409D-8481-C89240A0AA4A}.Debug|x64.ActiveCfg = Debug|x64
		{448BD925-F98B-409D-8481-C89240A0AA4A}.Debug|x64.Build.0 = Debug|x64
		{448BD925-F98B-409D-8481-C89240A0AA4A}.Debug|x86.ActiveCfg = Debug|Win32
		{448BD925-F98B-409D-8481-C89240A0AA4A}.Debug|x86.Build.0 = Debug|Win32
		{448BD925-F98B-409D-8481-C89240A0AA4A}.Release|x64.ActiveCfg = Release|x64
		{448BD925-F98B-409D-8481-C89240A0AA4A}.Release|x64.Build.0 = Release|x64
		{448BD925-F98B-409D-8481-C89240A0AA4A}.Release|x86.ActiveCfg = Release|Win32
		{448BD925-F98B-409D-8481-C89240A0AA4A}.Release|x86.Build.0 = Release|Win32
		{5C683622-A581-4632-AB72-CCEB09B5CC11}.Debug|x64.ActiveCfg = Debug|x64
		{5C683622-A581-4632-AB72-CCEB09B5CC11}.Debug|x64.Build.0 = Debug|x64
		{5C683622-A581-4632-AB72-CCEB09B5CC11}.Debug|x86.ActiveCfg = Debug|Win32
		{5C683622-A581-4632-AB72-CCEB09B5CC11}.Debug|x86.Build.0 = Debug|Win32
		{5C683622-A581-4632-AB72-CCEB09B5CC11}.Release|x64.ActiveCfg = Release|x64
		{5C683622-A581-4632-AB72-CCEB09B5CC11}.Release|x64.Build.0 = Release|x64
		{5C683622-A581-4632-AB72-CCEB09B5CC11}.Release|x86.ActiveCfg = Release|Win32
		{5C683622-A581-4632-AB72-CCEB09B5CC11}.Release|x86.Build.0 = Release|Win32
		{354E508F-1DD2-41AE-967B-FD1A4D2A3BC4}.Debug|x64.ActiveCfg = Debug|x64
		{354E508F-1DD2-41AE-967B-FD1A4D2A3BC4}.Debug|x64.Build.0 = Debug|x64
		{354E508F-1DD2-41AE-967B-FD1A4D2A3BC4}.Debug|x86.ActiveCfg = Debug|Win32
		{354E508F-1DD2-41AE-967B-FD1A4D2A3BC4}.Debug|x86.Build.0 = Debug|Win32
		{354E508F-1DD2-41AE-967B-FD1A4D2A3BC4}.Release|x64.ActiveCfg = Release|x64
		{354E508F-1DD2-41AE-967B-FD1A4D2A3BC4}.Release|x64.Build.0 = Release|x64
		{354E508F-1DD2-41AE-967B-FD1A4D2A3BC4}.Release|x86.ActiveCfg = Release|Win32
		{354E508F-1DD2-41AE-967B-FD1A4D2A3BC4}.Release|x86.Build.0 = Release|Win32
		{7218D187-0AB3-49F2-88E8-09579825535E}.Debug|x64.ActiveCfg = Debug|x64
		{7218D187-0AB3-49F2-88E8-09579825535E}.Debug|x64.Build.0 = Debug|x64
		{7218D187-0AB3-49F2-88E8-09579825535E}.Debug|x86.ActiveCfg = Debug|Win32
		{7218D187-0AB3-49F2-88E8-09579825535E}.Debug|x86.Build.0 = Debug|Win32
		{7218D187-0AB3-49F2-88E8-09579825535E}.Release|x64.ActiveCfg = Release|x64
		{7218D187-0AB3-49F2-88E8-09579825535E}.Release|x64.Build.0 = Release|x64
		{7218D187-0AB3-49F2-88E8-09579825535E}.Release|x86.ActiveCfg = Release|Win32
		{7218D187-0AB3-49F2-88E8-09579825535E}.Release|x86.Build.0 = Release|Win32
		{66595E62-D6C9-46E0-A285-134E03CB78B4}.Debug|x64.ActiveCfg = Debug|x64
		{66595E62-D6C9-46E0-A285-134E03CB78B4}.Debug|x64.Build.0 = Debug|x64
		{66595E62-D6C9-46E0-A285-134E03CB78B4}.Debug|x86.ActiveCfg = Debug|Win32
		{66595E62-D6C9-46E0-A285-134E03CB78B4}.Debug|x86.Build.0 = Debug|Win32
		{66595E62-D6C9-46E0-A285-134E03CB78B4}.Release|x64.ActiveCfg = Release|x64
		{66595E62-D6C9-46E0-A285-134E03CB78B4}.Release|x64.Build.0 = Release|x64
		{66595E62-D6C9-46E0-A285-134E03CB78B4}.Release|x86.ActiveCfg = Release|Win32
		{66595E62-D6C9-46E0-A285-134E03CB78B4}.Release|x86.Build.0 = Release|Win32
		{36C382BF-1EE8-4391-99FF-FAC8AEB58685}.Debug|x64.ActiveCfg = Debug|x64
		{36C382BF-1EE8-4391-99FF-FAC8AEB58685}.Debug|x64.Build.0 = Debug|x64
		{36C382BF-1EE8-4391-99FF-FAC8AEB58685}.Debug|x86.ActiveCfg = Debug|Win32
		{36C382BF-1EE8-4391-99FF-FAC8AEB58685}.Debug|x86.Build.0 = Debug|Win32
		{36C382BF-1EE8-4391-99FF-FAC8AEB58685}.Release|x64.ActiveCfg = Release|x64
		{36C382BF-1EE8-4391-99FF-FAC8AEB58685}.Release|x64.Build.0 = Release|x64
		{36C382BF-1EE8-4391-99FF-FAC8AEB58685}.Release|x86.ActiveCfg = Release|Win32
		{36C382BF-1EE8-4391-99FF-FAC8AEB58685}.Release|x86.Build.0 = Release|Win32
		{7B1C602C-2D1C-4412-BBDD-C6E310621FA5}.Debug|x64.ActiveCfg = Debug|x64
		{7B1C602C-2D1C-4412-BBDD-C6E310621FA5}.Debug|x64.Build.0 = Debug|x64
		{7B1C602C-2D1C-4412-BBDD-C6E310621FA5}.Debug|x86.ActiveCfg = Debug|Win32
		{7B1C602C-2D1C-4412-BBDD-C6E310621FA5}.Debug|x86.Build.0 = Debug|Win32
		{7B1C602C-2D1C-4412-BBDD-C6E310621FA5}.Release|x64.ActiveCfg = Release|x64
		{7B1C602C-2D1C-4412-BBDD-C6E310621FA5}.Release|x64.Build.0 = Release|x64
		{7B1C602C-2D1C-4412-BBDD-C6E310621FA5}.Release|x86.ActiveCfg = Release|Win32
		{7B1C602C-2D1C-4412-BBDD-C6E310621FA5}.Release|x86.Build.0 = Release|Win32
		{1ACF2B05-49EC-4EE6-B318-09F5E7F413BC}.Debug|x64.ActiveCfg = Debug|x64
		{1ACF2B05-49EC-4EE6-B318-09F5E7F413BC}.Debug|x64.Build.0 = Debug|x64
		{1ACF2B05-49EC-4EE6-B318-09F5E7F413BC}.Debug|x86.ActiveCfg = Debug|Win32
		{1ACF2B05-49EC-4EE6-B318-09F5E7F413BC}.Debug|x86.Build.0 = Debug|Win32
		{1ACF2B05-49EC-4EE6-B318-09F5E7F413BC}.Release|x64.ActiveCfg = Release|x64
		{1ACF2B05-49EC-4EE6-B318-09F5E7F413BC}.Release|x64.Build.0 = Release|x64
		{1ACF2B05-49EC-4EE6-B318-09F5E7F413BC}.Release|x86.ActiveCfg = Release|Win32
		{1ACF2B05-49EC-4EE6-B318-09F5E7F413BC}.Release|x86.Build.0 = Release|Win32
		{51E1FB55-8CEC-4E7A-B5C8-1238988C6EB3}.Debug|x64.ActiveCfg = Debug|x64
		{51E1FB55-8CEC-4E7A-B5C8-1238988C6EB3}.Debug|x64.Build.0 = Debug|x64
		{51E1FB55-8CEC-4E7A-B5C8-1238988C6EB3}.Debug|x86.ActiveCfg = Debug|Win32
		{51E1FB55-8CEC-4E7A-B5C8-1238988C6EB3}.Debug|x86.Build.0 = Debug|Win32
		{51E1FB55-8CEC-4E7A-B5C8-1238988C6EB3}.Release|x64.ActiveCfg = Release|x64
		{51E1FB55-8CEC-4E7A-B5C8-1238988C6EB3}.Release|x64.Build.0 = Release|x64
		{51E1FB55-8CEC-4E7A-B5C8-1238988C6EB3}.Release|x86.ActiveCfg = Release|Win32
		{51E1FB55-8CEC-4E7A-B5C8-1238988C6EB3}.Release|x86.Build.0 = Release|Win32
		{171B4F6B-3968-4C87-850C-C2C0987B4765}.Debug|x64.ActiveCfg = Debug|x64
		{171B4F6B-3968-4C87-850C-C2C0987B4765}.Debug|x64.Build.0 = Debug|x64
		{171B4F6B-3968-4C87-850C-C2C0987B4765}.Debug|x86.ActiveCfg = Debug|Win32
		{171B4F6B-3968-4C87-850C-C2C0987B4765}.Debug|x86.Build.0 = Debug|Win32
		{171B4F6B-3968-4C87-850C-C2C0987B4765}.Release|x64.ActiveCfg = Release|x64
		{171B4F6B-3968-4C87-850C-C2C0987B4765}.Release|x64.Build.0 = Release|x64
		{171B4F6B-3968-4C87-850C-C2C0987B4765}.Release|x86.ActiveCfg = Release|Win32
		{171B4F6B-3968-4C87-850C-C2C0987B4765}.Release|x86.Build.0 = Release|Win32
		{30A9CB2D-5F7B-407A-9DB5-9A2170E25A99}.Debug|x64.ActiveCfg = Debug|x64
		{30A9CB2D-5F7B-407A-9DB5-9A2170E25A99}.Debug|x64.Build.0 = Debug|x64
		{30A9CB2D-5F7B-407A-9DB5-9A2170E25A99}.Debug|x86.ActiveCfg = Debug|Win32
		{30A9CB2D-5F7B-407A-9DB5-9A2170E25A99}.Debug|x86.Build.0 = Debug|Win32
		{30A9CB2D-5F7B-407A-9DB5-9A2170E25A99}.Release|x64.ActiveCfg = Release|x64
		{30A9CB2D-5F7B-407A-9DB5-9A2170E25A99}.Release|x64.Build.0 = Release|x64
		{30A9CB2D-5F7B-407A-9DB5-9A2170E25A99}.Release|x86.ActiveCfg = Release|Win32
		{30A9CB2D-5F7B-407A-9DB5-9A2170E25A99}.Release|x86.Build.0 = Release|Win32
		{F8A50396-ED4A-4978-9049-D1A39129D2FD}.Debug|x64.ActiveCfg = Debug|x64
		{F8A50396-ED4A-4978-9049-D1A39129D2FD}.Debug|x64.Build.0 = Debug|x64
		{F8A50396-ED4A-4978-9049-D1A39129D2FD}.Debug|x86.ActiveCfg = Debug|Win32
		{F8A50396-ED4A-4978-9049-D1A39129D2FD}.Debug|x86.Build.0 = Debug|Win32
		{F8A50396-ED4A-4978-9049-D1A39129D2FD}.Release|x64.ActiveCfg = Release|x64
		{F8A50396-ED4A-4978-9049-D1A39129D2FD}.Release|x64.Build.0 = Release|x64
		{F8A50396-ED4A-4978-9049-D1A39129D2FD}.Release|x86.ActiveCfg = Release|Win32
		{F8A50396-ED4A-4978-9049-D1A39129D2FD}.Release|x86.Build.0 = Release|Win32
		{E0C124BD-12E5-4D2E-A812-6C9AC2F7FE41}.Debug|x64.ActiveCfg = Debug|x64
		{E0C124BD-12E5-4D2E-A812-6C9AC2F7FE41}.Debug|x64.Build.0 = Debug|x64
		{E0C124BD-12E5-4D2E-A812-6C9AC2F7FE41}.Debug|x86.ActiveCfg = Debug|Win32
		{E0C124BD-12E5-4D2E-A812-6C9AC2F7FE41}.Debug|x86.Build.0 = Debug|Win32
		{E0C124BD-12E5-4D2E-A812-6C9AC2F7FE41}.Release|x64.ActiveCfg = Release|x64
		{E0C124BD-12E5-4D2E-A812-6C9AC2F7FE41}.Release|x64.Build.0 = Release|x64
		{E0C124BD-12E5-4D2E-A812-6C9AC2F7FE41}.Release|x86.ActiveCfg = Release|Win32
		{E0C124BD-12E5-4D2E-A812-6C9AC2F7FE41}.Release|x86.Build.0 = Release|Win32
		{B5426E1F-2209-49E7-9E81-7A879961DA20}.Debug|x64.ActiveCfg = Debug|x64
		{B5426E1F-2209-49E7-9E81-7A879961DA20}.Debug|x64.Build.0 = Debug|x64
		{B5426E1F-2209-49E7-9E81-7A879961DA20}.Debug|x86.ActiveCfg = Debug|Win32
		{B5426E1F-2209-49E7-9E81-7A879961DA20}.Debug|x86.Build.0 = Debug|Win32
		{B5426E1F-2209-49E7-9E81-7A879961DA20}.Release|x64.ActiveCfg = Release|x64
		{B5426E1F-2209-49E7-9E81-7A879961DA20}.Release|x64.Build.0 = Release|x64
		{B5426E1F-2209-49E7-9E81-7A879961DA20}.Release|x86.ActiveCfg = Release|Win32
		{B5426E1F-2209-49E7-9E81-7A879961DA20}.Release|x86.Build.0 = Release|Win32
		{7D382D57-716A-481A-BE19-89730D9C2427}.Debug|x64.ActiveCfg = Debug|x64
		{7D382D57-716A-481A-BE19-89730D9C2427}.Debug|x64.Build.0 = Debug|x64
		{7D382D57-716A-481A-BE19-89730D9C2427}.Debug|x86.ActiveCfg = Debug|Win32
		{7D382D57-716A-481A-BE19-89730D9C2427}.Debug|x86.Build.0 = Debug|Win32
		{7D382D57-716A-481A-BE19-89730D9C2427}.Release|x64.ActiveCfg = Release|x64
		{7D382D57-716A-481A-BE19-89730D9C2427}.Release|x64.Build.0 = Release|x64
		{7D382D57-716A-481A-BE19-89730D9C2427}.Release|x86.ActiveCfg = Release|Win32
		{7D382D57-716A-481A-BE19-89730D9C2427}.Release|x86.Build.0 = Release|Win32
		{7CCFADD0-E256-47A3-84DF-65D89A7C48F7}.Debug|x64.ActiveCfg = Debug|x64
		{7CCFADD0-E256-47A3-84DF-65D89A7C48F7}.Debug|x64.Build.0 = Debug|x64
		{7CCFADD0-E256-47A3-84DF-65D89A7C48F7}.Debug|x86.ActiveCfg = Debug|Win32
		{7CCFADD0-E256-47A3-84DF-65D89A7C48F7}.Debug|x86.Build.0 = Debug|Win32
		{7CCFADD0-E256-47A3-84DF-65D89A7C48F7}.Release|x64.ActiveCfg = Release|x64
		{7CCFADD0-E256-47A3-84DF-65D89A7C48F7}.Release|x64.Build.0 = Release|x64
		{7CCFADD0-E256-47A3-84DF-65D89A7C48F7}.Release|x86.ActiveCfg = Release|Win32
		{7CCFADD0-E256-47A3-84DF-65D89A7C48F7}.Release|x86.Build.0 = Release|Win32
		{8F65FEFE-A3D6-46E8-8A19-FD5510BCF1BB}.Debug|x64.ActiveCfg = Debug|x64
		{8F65FEFE-A3D6-46E8-8A19-FD5510BCF1BB}.Debug|x64.Build.0 = Debug|x64
		{8F65FEFE-A3D6-46E8-8A19-FD5510BCF1BB}.Debug|x86.ActiveCfg = Debug|Win32
		{8F65FEFE-A3D6-46E8-8A19-FD5510BCF1BB}.Debug|x86.Build.0 = Debug|Win32
		{8F65FEFE-A3D6-46E8-8A19-FD5510BCF1BB}.Release|x64.ActiveCfg = Release|x64
		{8F65FEFE-A3D6-46E8-8A19-FD5510BCF1BB}.Release|x64.Build.0 = Release|x64
		{8F65FEFE-A3D6-46E8-8A19-FD5510BCF1BB}.Release|x86.ActiveCfg = Release|Win32
		{8F65FEFE-A3D6-46E8-8A19-FD5510BCF1BB}.Release|x86.Build.0 = Release|Win32
	EndGlobalSection
	GlobalSection(SolutionProperties) = preSolution
		HideSolutionNode = FALSE
	EndGlobalSection
	GlobalSection(NestedProjects) = preSolution
		{695823B5-684B-4B1F-8A02-BEE97670E402} = {999FC65D-E6AD-4DAB-A831-726F84D59721}
		{2C635D1A-C944-43F1-8CAB-6F0391CDB3CA} = {16A599DE-A6BD-4A29-B982-689B6BB9BFD6}
		{AB6B18BD-2602-41CB-A598-C159EBBC8350} = {16A599DE-A6BD-4A29-B982-689B6BB9BFD6}
		{0229237D-CF70-4476-AAB3-82C74B66A5D8} = {16A599DE-A6BD-4A29-B982-689B6BB9BFD6}
		{448BD925-F98B-409D-8481-C89240A0AA4A} = {16A599DE-A6BD-4A29-B982-689B6BB9BFD6}
		{5C683622-A581-4632-AB72-CCEB09B5CC11} = {16A599DE-A6BD-4A29-B982-689B6BB9BFD6}
		{354E508F-1DD2-41AE-967B-FD1A4D2A3BC4} = {16A599DE-A6BD-4A29-B982-689B6BB9BFD6}
		{7218D187-0AB3-49F2-88E8-09579825535E} = {16A599DE-A6BD-4A29-B982-689B6BB9BFD6}
		{66595E62-D6C9-46E0-A285-134E03CB78B4} = {16A599DE-A6BD-4A29-B982-689B6BB9BFD6}
		{36C382BF-1EE8-4391-99FF-FAC8AEB58685} = {999FC65D-E6AD-4DAB-A831-726F84D59721}
		{7B1C602C-2D1C-4412-BBDD-C6E310621FA5} = {999FC65D-E6AD-4DAB-A831-726F84D59721}
		{1ACF2B05-49EC-4EE6-B318-09F5E7F413BC} = {999FC65D-E6AD-4DAB-A831-726F84D59721}
		{51E1FB55-8CEC-4E7A-B5C8-1238988C6EB3} = {999FC65D-E6AD-4DAB-A831-726F84D59721}
		{171B4F6B-3968-4C87-850C-C2C0987B4765} = {999FC65D-E6AD-4DAB-A831-726F84D59721}
		{30A9CB2D-5F7B-407A-9DB5-9A2170E25A99} = {999FC65D-E6AD-4DAB-A831-726F84D59721}
		{F8A50396-ED4A-4978-9049-D1A39129D2FD} = {999FC65D-E6AD-4DAB-A831-726F84D59721}
		{E0C124BD-12E5-4D2E-A812-6C9AC2F7FE41} = {A50A6337-81B9-451E-88EE-4BE9371FECD6}
		{B5426E1F-2209-49E7-9E81-7A879961DA20} = {A50A6337-81B9-451E-88EE-4BE9371FECD6}
		{7D382D57-716A-481A-BE19-89730D9C2427} = {A50A6337-81B9-451E-88EE-4BE9371FECD6}
		{7CCFADD0-E256-47A3-84DF-65D89A7C48F7} = {A50A6337-81B9-451E-88EE-4BE9371FECD6}
		{8F65FEFE-A3D6-46E8-8A19-FD5510BCF1BB} = {A50A6337-81B9-451E-88EE-4BE9371FECD6}
	EndGlobalSection
EndGlobal
